
Microsoft Visual Studio Solution File, Format Version 12.00
# Visual Studio Version 17
VisualStudioVersion = 17.7.34009.444
MinimumVisualStudioVersion = 10.0.40219.1
Project("{FAE04EC0-301F-11D3-BF4B-00C04F79EFBC}") = "CB Basic App GitHub", "CB Basic App GitHub\CB Basic App GitHub.csproj", "{F69FEE06-F7E3-4B30-AEA4-10981BD4F10D}"
EndProject
Project("{FAE04EC0-301F-11D3-BF4B-00C04F79EFBC}") = "BasicAppTest", "BasicAppTest\BasicAppTest.csproj", "{E07DCD74-A249-4583-BF0C-88B25E334023}"
EndProject
Global
	GlobalSection(SolutionConfigurationPlatforms) = preSolution
		Debug|Any CPU = Debug|Any CPU
		Release|Any CPU = Release|Any CPU
	EndGlobalSection
	GlobalSection(ProjectConfigurationPlatforms) = postSolution
		{F69FEE06-F7E3-4B30-AEA4-10981BD4F10D}.Debug|Any CPU.ActiveCfg = Debug|Any CPU
		{F69FEE06-F7E3-4B30-AEA4-10981BD4F10D}.Debug|Any CPU.Build.0 = Debug|Any CPU
		{F69FEE06-F7E3-4B30-AEA4-10981BD4F10D}.Release|Any CPU.ActiveCfg = Release|Any CPU
		{F69FEE06-F7E3-4B30-AEA4-10981BD4F10D}.Release|Any CPU.Build.0 = Release|Any CPU
		{E07DCD74-A249-4583-BF0C-88B25E334023}.Debug|Any CPU.ActiveCfg = Debug|Any CPU
		{E07DCD74-A249-4583-BF0C-88B25E334023}.Debug|Any CPU.Build.0 = Debug|Any CPU
		{E07DCD74-A249-4583-BF0C-88B25E334023}.Release|Any CPU.ActiveCfg = Release|Any CPU
		{E07DCD74-A249-4583-BF0C-88B25E334023}.Release|Any CPU.Build.0 = Release|Any CPU
	EndGlobalSection
	GlobalSection(SolutionProperties) = preSolution
		HideSolutionNode = FALSE
	EndGlobalSection
	GlobalSection(ExtensibilityGlobals) = postSolution
		SolutionGuid = {C15086F1-77A9-4C46-8DD2-0839AD865AB1}
	EndGlobalSection
EndGlobal
